
Microsoft Visual Studio Solution File, Format Version 12.00
# Visual Studio Version 16
VisualStudioVersion = 16.0.30002.166
MinimumVisualStudioVersion = 10.0.40219.1
Project("{FAE04EC0-301F-11D3-BF4B-00C04F79EFBC}") = "ClassLibrary", "ClassLibrary\ClassLibrary.csproj", "{46A3D657-09A8-4779-922F-99990C822D5D}"
EndProject
Project("{FAE04EC0-301F-11D3-BF4B-00C04F79EFBC}") = "ConsoleApp", "ConsoleApp\ConsoleApp.csproj", "{AF9BA2BD-8CEE-4F55-A867-69A8F077ABED}"
EndProject
Global
	GlobalSection(SolutionConfigurationPlatforms) = preSolution
		Debug|Any CPU = Debug|Any CPU
		Release|Any CPU = Release|Any CPU
	EndGlobalSection
	GlobalSection(ProjectConfigurationPlatforms) = postSolution
		{46A3D657-09A8-4779-922F-99990C822D5D}.Debug|Any CPU.ActiveCfg = Debug|Any CPU
		{46A3D657-09A8-4779-922F-99990C822D5D}.Debug|Any CPU.Build.0 = Debug|Any CPU
		{46A3D657-09A8-4779-922F-99990C822D5D}.Release|Any CPU.ActiveCfg = Release|Any CPU
		{46A3D657-09A8-4779-922F-99990C822D5D}.Release|Any CPU.Build.0 = Release|Any CPU
		{AF9BA2BD-8CEE-4F55-A867-69A8F077ABED}.Debug|Any CPU.ActiveCfg = Debug|Any CPU
		{AF9BA2BD-8CEE-4F55-A867-69A8F077ABED}.Debug|Any CPU.Build.0 = Debug|Any CPU
		{AF9BA2BD-8CEE-4F55-A867-69A8F077ABED}.Release|Any CPU.ActiveCfg = Release|Any CPU
		{AF9BA2BD-8CEE-4F55-A867-69A8F077ABED}.Release|Any CPU.Build.0 = Release|Any CPU
	EndGlobalSection
	GlobalSection(SolutionProperties) = preSolution
		HideSolutionNode = FALSE
	EndGlobalSection
	GlobalSection(ExtensibilityGlobals) = postSolution
		SolutionGuid = {1433DC2C-8D67-4F16-8866-1F24262FCE18}
	EndGlobalSection
EndGlobal
